
Microsoft Visual Studio Solution File, Format Version 12.00
Project("{FAE04EC0-301F-11D3-BF4B-00C04F79EFBC}") = "Catalog", "Catalog\Catalog.csproj", "{4E1376CD-BA33-443D-ADAA-E762162DD270}"
EndProject
Project("{FAE04EC0-301F-11D3-BF4B-00C04F79EFBC}") = "Warehouse", "Warehouse\Warehouse.csproj", "{8E08B5DB-9701-435C-A16C-6F107C55D5F7}"
EndProject
Project("{FAE04EC0-301F-11D3-BF4B-00C04F79EFBC}") = "Basket", "Basket\Basket.csproj", "{7ED2984A-2726-4FF1-A550-0D871899C89F}"
EndProject
Project("{FAE04EC0-301F-11D3-BF4B-00C04F79EFBC}") = "ApiGateway", "ApiGateway\ApiGateway.csproj", "{8A5B94D9-B528-4B4B-8F55-82B2DABC392D}"
EndProject
Project("{FAE04EC0-301F-11D3-BF4B-00C04F79EFBC}") = "Client", "Client\Client.csproj", "{24479EA8-ECA9-42F7-841B-7FF3110C082D}"
EndProject
Project("{2150E333-8FDC-42A3-9474-1A3956D46DE8}") = "Clients", "Clients", "{AA2E2D7B-179E-419E-93CF-7EFD9EBD4D6D}"
EndProject
Project("{2150E333-8FDC-42A3-9474-1A3956D46DE8}") = "Services", "Services", "{CB201280-01D0-4899-8844-DC7640BF3EBC}"
EndProject
Project("{2150E333-8FDC-42A3-9474-1A3956D46DE8}") = "Gateways", "Gateways", "{82AADD59-5C83-41B2-991D-0F25E6F451B6}"
EndProject
Project("{2150E333-8FDC-42A3-9474-1A3956D46DE8}") = "Common", "Common", "{E19D02DA-4332-4072-9660-085C278938DC}"
EndProject
Project("{FAE04EC0-301F-11D3-BF4B-00C04F79EFBC}") = "Core", "Core\Core.csproj", "{01D9167F-541B-4DEE-A2F2-4DF06B0B59EC}"
EndProject
Project("{FAE04EC0-301F-11D3-BF4B-00C04F79EFBC}") = "Basket.Events", "Basket.Events\Basket.Events.csproj", "{C73FFBFA-80B9-49A9-81F1-A56C32582514}"
EndProject
Project("{FAE04EC0-301F-11D3-BF4B-00C04F79EFBC}") = "Ordering", "Ordering\Ordering.csproj", "{590E1FC5-EB36-411B-840D-3E15551CCC31}"
EndProject
Project("{FAE04EC0-301F-11D3-BF4B-00C04F79EFBC}") = "Catalog.Events", "Catalog.Events\Catalog.Events.csproj", "{4206151D-7164-4C9F-899A-B6D2FA079579}"
EndProject
Project("{FAE04EC0-301F-11D3-BF4B-00C04F79EFBC}") = "Warehouse.Events", "Warehouse.Events\Warehouse.Events.csproj", "{3C2909B6-1064-4D07-8C37-5861D4383274}"
EndProject
Project("{FAE04EC0-301F-11D3-BF4B-00C04F79EFBC}") = "Ordering.Events", "Ordering.Events\Ordering.Events.csproj", "{C9F23369-F9A7-4E74-B14A-23DDE6AD4E54}"
EndProject
Project("{2150E333-8FDC-42A3-9474-1A3956D46DE8}") = "Basket", "Basket", "{2B9DAD4E-6290-4B40-8BEE-00D1F9079CCC}"
EndProject
Project("{2150E333-8FDC-42A3-9474-1A3956D46DE8}") = "Catalog", "Catalog", "{1248446F-D45F-4080-A70C-2525B115FEBB}"
EndProject
Project("{2150E333-8FDC-42A3-9474-1A3956D46DE8}") = "Ordering", "Ordering", "{A281FA52-AA68-4E44-8680-587874C81778}"
EndProject
Project("{2150E333-8FDC-42A3-9474-1A3956D46DE8}") = "Warehouse", "Warehouse", "{D38EBF59-ABA0-49AB-B0AF-6DD72DCBA553}"
EndProject
Global
	GlobalSection(SolutionConfigurationPlatforms) = preSolution
		Debug|Any CPU = Debug|Any CPU
		Release|Any CPU = Release|Any CPU
	EndGlobalSection
	GlobalSection(ProjectConfigurationPlatforms) = postSolution
		{4E1376CD-BA33-443D-ADAA-E762162DD270}.Debug|Any CPU.ActiveCfg = Debug|Any CPU
		{4E1376CD-BA33-443D-ADAA-E762162DD270}.Debug|Any CPU.Build.0 = Debug|Any CPU
		{4E1376CD-BA33-443D-ADAA-E762162DD270}.Release|Any CPU.ActiveCfg = Release|Any CPU
		{4E1376CD-BA33-443D-ADAA-E762162DD270}.Release|Any CPU.Build.0 = Release|Any CPU
		{8E08B5DB-9701-435C-A16C-6F107C55D5F7}.Debug|Any CPU.ActiveCfg = Debug|Any CPU
		{8E08B5DB-9701-435C-A16C-6F107C55D5F7}.Debug|Any CPU.Build.0 = Debug|Any CPU
		{8E08B5DB-9701-435C-A16C-6F107C55D5F7}.Release|Any CPU.ActiveCfg = Release|Any CPU
		{8E08B5DB-9701-435C-A16C-6F107C55D5F7}.Release|Any CPU.Build.0 = Release|Any CPU
		{7ED2984A-2726-4FF1-A550-0D871899C89F}.Debug|Any CPU.ActiveCfg = Debug|Any CPU
		{7ED2984A-2726-4FF1-A550-0D871899C89F}.Debug|Any CPU.Build.0 = Debug|Any CPU
		{7ED2984A-2726-4FF1-A550-0D871899C89F}.Release|Any CPU.ActiveCfg = Release|Any CPU
		{7ED2984A-2726-4FF1-A550-0D871899C89F}.Release|Any CPU.Build.0 = Release|Any CPU
		{8A5B94D9-B528-4B4B-8F55-82B2DABC392D}.Debug|Any CPU.ActiveCfg = Debug|Any CPU
		{8A5B94D9-B528-4B4B-8F55-82B2DABC392D}.Debug|Any CPU.Build.0 = Debug|Any CPU
		{8A5B94D9-B528-4B4B-8F55-82B2DABC392D}.Release|Any CPU.ActiveCfg = Release|Any CPU
		{8A5B94D9-B528-4B4B-8F55-82B2DABC392D}.Release|Any CPU.Build.0 = Release|Any CPU
		{24479EA8-ECA9-42F7-841B-7FF3110C082D}.Debug|Any CPU.ActiveCfg = Debug|Any CPU
		{24479EA8-ECA9-42F7-841B-7FF3110C082D}.Debug|Any CPU.Build.0 = Debug|Any CPU
		{24479EA8-ECA9-42F7-841B-7FF3110C082D}.Release|Any CPU.ActiveCfg = Release|Any CPU
		{24479EA8-ECA9-42F7-841B-7FF3110C082D}.Release|Any CPU.Build.0 = Release|Any CPU
		{01D9167F-541B-4DEE-A2F2-4DF06B0B59EC}.Debug|Any CPU.ActiveCfg = Debug|Any CPU
		{01D9167F-541B-4DEE-A2F2-4DF06B0B59EC}.Debug|Any CPU.Build.0 = Debug|Any CPU
		{01D9167F-541B-4DEE-A2F2-4DF06B0B59EC}.Release|Any CPU.ActiveCfg = Release|Any CPU
		{01D9167F-541B-4DEE-A2F2-4DF06B0B59EC}.Release|Any CPU.Build.0 = Release|Any CPU
		{C73FFBFA-80B9-49A9-81F1-A56C32582514}.Debug|Any CPU.ActiveCfg = Debug|Any CPU
		{C73FFBFA-80B9-49A9-81F1-A56C32582514}.Debug|Any CPU.Build.0 = Debug|Any CPU
		{C73FFBFA-80B9-49A9-81F1-A56C32582514}.Release|Any CPU.ActiveCfg = Release|Any CPU
		{C73FFBFA-80B9-49A9-81F1-A56C32582514}.Release|Any CPU.Build.0 = Release|Any CPU
		{590E1FC5-EB36-411B-840D-3E15551CCC31}.Debug|Any CPU.ActiveCfg = Debug|Any CPU
		{590E1FC5-EB36-411B-840D-3E15551CCC31}.Debug|Any CPU.Build.0 = Debug|Any CPU
		{590E1FC5-EB36-411B-840D-3E15551CCC31}.Release|Any CPU.ActiveCfg = Release|Any CPU
		{590E1FC5-EB36-411B-840D-3E15551CCC31}.Release|Any CPU.Build.0 = Release|Any CPU
		{4206151D-7164-4C9F-899A-B6D2FA079579}.Debug|Any CPU.ActiveCfg = Debug|Any CPU
		{4206151D-7164-4C9F-899A-B6D2FA079579}.Debug|Any CPU.Build.0 = Debug|Any CPU
		{4206151D-7164-4C9F-899A-B6D2FA079579}.Release|Any CPU.ActiveCfg = Release|Any CPU
		{4206151D-7164-4C9F-899A-B6D2FA079579}.Release|Any CPU.Build.0 = Release|Any CPU
		{3C2909B6-1064-4D07-8C37-5861D4383274}.Debug|Any CPU.ActiveCfg = Debug|Any CPU
		{3C2909B6-1064-4D07-8C37-5861D4383274}.Debug|Any CPU.Build.0 = Debug|Any CPU
		{3C2909B6-1064-4D07-8C37-5861D4383274}.Release|Any CPU.ActiveCfg = Release|Any CPU
		{3C2909B6-1064-4D07-8C37-5861D4383274}.Release|Any CPU.Build.0 = Release|Any CPU
		{C9F23369-F9A7-4E74-B14A-23DDE6AD4E54}.Debug|Any CPU.ActiveCfg = Debug|Any CPU
		{C9F23369-F9A7-4E74-B14A-23DDE6AD4E54}.Debug|Any CPU.Build.0 = Debug|Any CPU
		{C9F23369-F9A7-4E74-B14A-23DDE6AD4E54}.Release|Any CPU.ActiveCfg = Release|Any CPU
		{C9F23369-F9A7-4E74-B14A-23DDE6AD4E54}.Release|Any CPU.Build.0 = Release|Any CPU
	EndGlobalSection
	GlobalSection(NestedProjects) = preSolution
		{8A5B94D9-B528-4B4B-8F55-82B2DABC392D} = {82AADD59-5C83-41B2-991D-0F25E6F451B6}
		{24479EA8-ECA9-42F7-841B-7FF3110C082D} = {AA2E2D7B-179E-419E-93CF-7EFD9EBD4D6D}
		{01D9167F-541B-4DEE-A2F2-4DF06B0B59EC} = {E19D02DA-4332-4072-9660-085C278938DC}
		{2B9DAD4E-6290-4B40-8BEE-00D1F9079CCC} = {CB201280-01D0-4899-8844-DC7640BF3EBC}
		{7ED2984A-2726-4FF1-A550-0D871899C89F} = {2B9DAD4E-6290-4B40-8BEE-00D1F9079CCC}
		{C73FFBFA-80B9-49A9-81F1-A56C32582514} = {2B9DAD4E-6290-4B40-8BEE-00D1F9079CCC}
		{1248446F-D45F-4080-A70C-2525B115FEBB} = {CB201280-01D0-4899-8844-DC7640BF3EBC}
		{4E1376CD-BA33-443D-ADAA-E762162DD270} = {1248446F-D45F-4080-A70C-2525B115FEBB}
		{4206151D-7164-4C9F-899A-B6D2FA079579} = {1248446F-D45F-4080-A70C-2525B115FEBB}
		{A281FA52-AA68-4E44-8680-587874C81778} = {CB201280-01D0-4899-8844-DC7640BF3EBC}
		{590E1FC5-EB36-411B-840D-3E15551CCC31} = {A281FA52-AA68-4E44-8680-587874C81778}
		{C9F23369-F9A7-4E74-B14A-23DDE6AD4E54} = {A281FA52-AA68-4E44-8680-587874C81778}
		{D38EBF59-ABA0-49AB-B0AF-6DD72DCBA553} = {CB201280-01D0-4899-8844-DC7640BF3EBC}
		{8E08B5DB-9701-435C-A16C-6F107C55D5F7} = {D38EBF59-ABA0-49AB-B0AF-6DD72DCBA553}
		{3C2909B6-1064-4D07-8C37-5861D4383274} = {D38EBF59-ABA0-49AB-B0AF-6DD72DCBA553}
	EndGlobalSection
EndGlobal
